
Microsoft Visual Studio Solution File, Format Version 12.00
# Visual Studio Version 17
VisualStudioVersion = 17.5.33530.505
MinimumVisualStudioVersion = 10.0.40219.1
Project("{FAE04EC0-301F-11D3-BF4B-00C04F79EFBC}") = "Cryville.Input", "Cryville.Input\Cryville.Input.csproj", "{E73B117B-905C-4DCB-A779-03AB87B1C92F}"
EndProject
Project("{9A19103F-16F7-4668-BE54-9A1E7A4F7556}") = "Cryville.Input.Unity.Android", "Cryville.Input.Unity.Android\Cryville.Input.Unity.Android.csproj", "{7C0149E0-DB8F-4A8D-932A-02C4452D7FEF}"
EndProject
Project("{9A19103F-16F7-4668-BE54-9A1E7A4F7556}") = "Cryville.Input.Unity.Builtin", "Cryville.Input.Unity.Builtin\Cryville.Input.Unity.Builtin.csproj", "{DCF08621-59D7-4925-94C0-855220D9426A}"
EndProject
Project("{8BC9CEB8-8B4A-11D0-8D11-00A0C91BC942}") = "Cryville.Input.Unity.Android.Native", "Cryville.Input.Unity.Android.Native\Cryville.Input.Unity.Android.Native.vcxproj", "{2666880C-6EBB-4B2C-B2A0-44AA2618C7FB}"
EndProject
Project("{FAE04EC0-301F-11D3-BF4B-00C04F79EFBC}") = "Cryville.Input.Xamarin.Android", "Cryville.Input.Xamarin.Android\Cryville.Input.Xamarin.Android.csproj", "{93618118-DCA8-4EE0-8ADA-07C35B88C032}"
EndProject
Global
	GlobalSection(SolutionConfigurationPlatforms) = preSolution
		Debug|Any CPU = Debug|Any CPU
		Debug|ARM = Debug|ARM
		Debug|ARM64 = Debug|ARM64
		Debug|x64 = Debug|x64
		Debug|x86 = Debug|x86
		Release|Any CPU = Release|Any CPU
		Release|ARM = Release|ARM
		Release|ARM64 = Release|ARM64
		Release|x64 = Release|x64
		Release|x86 = Release|x86
	EndGlobalSection
	GlobalSection(ProjectConfigurationPlatforms) = postSolution
		{E73B117B-905C-4DCB-A779-03AB87B1C92F}.Debug|Any CPU.ActiveCfg = Debug|Any CPU
		{E73B117B-905C-4DCB-A779-03AB87B1C92F}.Debug|Any CPU.Build.0 = Debug|Any CPU
		{E73B117B-905C-4DCB-A779-03AB87B1C92F}.Debug|ARM.ActiveCfg = Debug|Any CPU
		{E73B117B-905C-4DCB-A779-03AB87B1C92F}.Debug|ARM.Build.0 = Debug|Any CPU
		{E73B117B-905C-4DCB-A779-03AB87B1C92F}.Debug|ARM64.ActiveCfg = Debug|Any CPU
		{E73B117B-905C-4DCB-A779-03AB87B1C92F}.Debug|ARM64.Build.0 = Debug|Any CPU
		{E73B117B-905C-4DCB-A779-03AB87B1C92F}.Debug|x64.ActiveCfg = Debug|Any CPU
		{E73B117B-905C-4DCB-A779-03AB87B1C92F}.Debug|x64.Build.0 = Debug|Any CPU
		{E73B117B-905C-4DCB-A779-03AB87B1C92F}.Debug|x86.ActiveCfg = Debug|Any CPU
		{E73B117B-905C-4DCB-A779-03AB87B1C92F}.Debug|x86.Build.0 = Debug|Any CPU
		{E73B117B-905C-4DCB-A779-03AB87B1C92F}.Release|Any CPU.ActiveCfg = Release|Any CPU
		{E73B117B-905C-4DCB-A779-03AB87B1C92F}.Release|Any CPU.Build.0 = Release|Any CPU
		{E73B117B-905C-4DCB-A779-03AB87B1C92F}.Release|ARM.ActiveCfg = Release|Any CPU
		{E73B117B-905C-4DCB-A779-03AB87B1C92F}.Release|ARM.Build.0 = Release|Any CPU
		{E73B117B-905C-4DCB-A779-03AB87B1C92F}.Release|ARM64.ActiveCfg = Release|Any CPU
		{E73B117B-905C-4DCB-A779-03AB87B1C92F}.Release|ARM64.Build.0 = Release|Any CPU
		{E73B117B-905C-4DCB-A779-03AB87B1C92F}.Release|x64.ActiveCfg = Release|Any CPU
		{E73B117B-905C-4DCB-A779-03AB87B1C92F}.Release|x64.Build.0 = Release|Any CPU
		{E73B117B-905C-4DCB-A779-03AB87B1C92F}.Release|x86.ActiveCfg = Release|Any CPU
		{E73B117B-905C-4DCB-A779-03AB87B1C92F}.Release|x86.Build.0 = Release|Any CPU
		{7C0149E0-DB8F-4A8D-932A-02C4452D7FEF}.Debug|Any CPU.ActiveCfg = Debug|Any CPU
		{7C0149E0-DB8F-4A8D-932A-02C4452D7FEF}.Debug|ARM.ActiveCfg = Debug|Any CPU
		{7C0149E0-DB8F-4A8D-932A-02C4452D7FEF}.Debug|ARM.Build.0 = Debug|Any CPU
		{7C0149E0-DB8F-4A8D-932A-02C4452D7FEF}.Debug|ARM64.ActiveCfg = Debug|Any CPU
		{7C0149E0-DB8F-4A8D-932A-02C4452D7FEF}.Debug|ARM64.Build.0 = Debug|Any CPU
		{7C0149E0-DB8F-4A8D-932A-02C4452D7FEF}.Debug|x64.ActiveCfg = Debug|Any CPU
		{7C0149E0-DB8F-4A8D-932A-02C4452D7FEF}.Debug|x64.Build.0 = Debug|Any CPU
		{7C0149E0-DB8F-4A8D-932A-02C4452D7FEF}.Debug|x86.ActiveCfg = Debug|Any CPU
		{7C0149E0-DB8F-4A8D-932A-02C4452D7FEF}.Debug|x86.Build.0 = Debug|Any CPU
		{7C0149E0-DB8F-4A8D-932A-02C4452D7FEF}.Release|Any CPU.ActiveCfg = Release|Any CPU
		{7C0149E0-DB8F-4A8D-932A-02C4452D7FEF}.Release|ARM.ActiveCfg = Release|Any CPU
		{7C0149E0-DB8F-4A8D-932A-02C4452D7FEF}.Release|ARM.Build.0 = Release|Any CPU
		{7C0149E0-DB8F-4A8D-932A-02C4452D7FEF}.Release|ARM64.ActiveCfg = Release|Any CPU
		{7C0149E0-DB8F-4A8D-932A-02C4452D7FEF}.Release|ARM64.Build.0 = Release|Any CPU
		{7C0149E0-DB8F-4A8D-932A-02C4452D7FEF}.Release|x64.ActiveCfg = Release|Any CPU
		{7C0149E0-DB8F-4A8D-932A-02C4452D7FEF}.Release|x64.Build.0 = Release|Any CPU
		{7C0149E0-DB8F-4A8D-932A-02C4452D7FEF}.Release|x86.ActiveCfg = Release|Any CPU
		{7C0149E0-DB8F-4A8D-932A-02C4452D7FEF}.Release|x86.Build.0 = Release|Any CPU
		{DCF08621-59D7-4925-94C0-855220D9426A}.Debug|Any CPU.ActiveCfg = Debug|Any CPU
		{DCF08621-59D7-4925-94C0-855220D9426A}.Debug|ARM.ActiveCfg = Debug|Any CPU
		{DCF08621-59D7-4925-94C0-855220D9426A}.Debug|ARM.Build.0 = Debug|Any CPU
		{DCF08621-59D7-4925-94C0-855220D9426A}.Debug|ARM64.ActiveCfg = Debug|Any CPU
		{DCF08621-59D7-4925-94C0-855220D9426A}.Debug|ARM64.Build.0 = Debug|Any CPU
		{DCF08621-59D7-4925-94C0-855220D9426A}.Debug|x64.ActiveCfg = Debug|Any CPU
		{DCF08621-59D7-4925-94C0-855220D9426A}.Debug|x64.Build.0 = Debug|Any CPU
		{DCF08621-59D7-4925-94C0-855220D9426A}.Debug|x86.ActiveCfg = Debug|Any CPU
		{DCF08621-59D7-4925-94C0-855220D9426A}.Debug|x86.Build.0 = Debug|Any CPU
		{DCF08621-59D7-4925-94C0-855220D9426A}.Release|Any CPU.ActiveCfg = Release|Any CPU
		{DCF08621-59D7-4925-94C0-855220D9426A}.Release|ARM.ActiveCfg = Release|Any CPU
		{DCF08621-59D7-4925-94C0-855220D9426A}.Release|ARM.Build.0 = Release|Any CPU
		{DCF08621-59D7-4925-94C0-855220D9426A}.Release|ARM64.ActiveCfg = Release|Any CPU
		{DCF08621-59D7-4925-94C0-855220D9426A}.Release|ARM64.Build.0 = Release|Any CPU
		{DCF08621-59D7-4925-94C0-855220D9426A}.Release|x64.ActiveCfg = Release|Any CPU
		{DCF08621-59D7-4925-94C0-855220D9426A}.Release|x64.Build.0 = Release|Any CPU
		{DCF08621-59D7-4925-94C0-855220D9426A}.Release|x86.ActiveCfg = Release|Any CPU
		{DCF08621-59D7-4925-94C0-855220D9426A}.Release|x86.Build.0 = Release|Any CPU
		{2666880C-6EBB-4B2C-B2A0-44AA2618C7FB}.Debug|Any CPU.ActiveCfg = Debug|x64
		{2666880C-6EBB-4B2C-B2A0-44AA2618C7FB}.Debug|ARM.ActiveCfg = Debug|ARM
		{2666880C-6EBB-4B2C-B2A0-44AA2618C7FB}.Debug|ARM.Build.0 = Debug|ARM
		{2666880C-6EBB-4B2C-B2A0-44AA2618C7FB}.Debug|ARM.Deploy.0 = Debug|ARM
		{2666880C-6EBB-4B2C-B2A0-44AA2618C7FB}.Debug|ARM64.ActiveCfg = Debug|ARM64
		{2666880C-6EBB-4B2C-B2A0-44AA2618C7FB}.Debug|ARM64.Build.0 = Debug|ARM64
		{2666880C-6EBB-4B2C-B2A0-44AA2618C7FB}.Debug|ARM64.Deploy.0 = Debug|ARM64
		{2666880C-6EBB-4B2C-B2A0-44AA2618C7FB}.Debug|x64.ActiveCfg = Debug|x64
		{2666880C-6EBB-4B2C-B2A0-44AA2618C7FB}.Debug|x64.Build.0 = Debug|x64
		{2666880C-6EBB-4B2C-B2A0-44AA2618C7FB}.Debug|x64.Deploy.0 = Debug|x64
		{2666880C-6EBB-4B2C-B2A0-44AA2618C7FB}.Debug|x86.ActiveCfg = Debug|x86
		{2666880C-6EBB-4B2C-B2A0-44AA2618C7FB}.Debug|x86.Build.0 = Debug|x86
		{2666880C-6EBB-4B2C-B2A0-44AA2618C7FB}.Debug|x86.Deploy.0 = Debug|x86
		{2666880C-6EBB-4B2C-B2A0-44AA2618C7FB}.Release|Any CPU.ActiveCfg = Release|x64
		{2666880C-6EBB-4B2C-B2A0-44AA2618C7FB}.Release|ARM.ActiveCfg = Release|ARM
		{2666880C-6EBB-4B2C-B2A0-44AA2618C7FB}.Release|ARM.Build.0 = Release|ARM
		{2666880C-6EBB-4B2C-B2A0-44AA2618C7FB}.Release|ARM.Deploy.0 = Release|ARM
		{2666880C-6EBB-4B2C-B2A0-44AA2618C7FB}.Release|ARM64.ActiveCfg = Release|ARM64
		{2666880C-6EBB-4B2C-B2A0-44AA2618C7FB}.Release|ARM64.Build.0 = Release|ARM64
		{2666880C-6EBB-4B2C-B2A0-44AA2618C7FB}.Release|ARM64.Deploy.0 = Release|ARM64
		{2666880C-6EBB-4B2C-B2A0-44AA2618C7FB}.Release|x64.ActiveCfg = Release|x64
		{2666880C-6EBB-4B2C-B2A0-44AA2618C7FB}.Release|x64.Build.0 = Release|x64
		{2666880C-6EBB-4B2C-B2A0-44AA2618C7FB}.Release|x64.Deploy.0 = Release|x64
		{2666880C-6EBB-4B2C-B2A0-44AA2618C7FB}.Release|x86.ActiveCfg = Release|x86
		{2666880C-6EBB-4B2C-B2A0-44AA2618C7FB}.Release|x86.Build.0 = Release|x86
		{2666880C-6EBB-4B2C-B2A0-44AA2618C7FB}.Release|x86.Deploy.0 = Release|x86
		{93618118-DCA8-4EE0-8ADA-07C35B88C032}.Debug|Any CPU.ActiveCfg = Debug|Any CPU
		{93618118-DCA8-4EE0-8ADA-07C35B88C032}.Debug|Any CPU.Build.0 = Debug|Any CPU
		{93618118-DCA8-4EE0-8ADA-07C35B88C032}.Debug|ARM.ActiveCfg = Debug|Any CPU
		{93618118-DCA8-4EE0-8ADA-07C35B88C032}.Debug|ARM.Build.0 = Debug|Any CPU
		{93618118-DCA8-4EE0-8ADA-07C35B88C032}.Debug|ARM64.ActiveCfg = Debug|Any CPU
		{93618118-DCA8-4EE0-8ADA-07C35B88C032}.Debug|ARM64.Build.0 = Debug|Any CPU
		{93618118-DCA8-4EE0-8ADA-07C35B88C032}.Debug|x64.ActiveCfg = Debug|Any CPU
		{93618118-DCA8-4EE0-8ADA-07C35B88C032}.Debug|x64.Build.0 = Debug|Any CPU
		{93618118-DCA8-4EE0-8ADA-07C35B88C032}.Debug|x86.ActiveCfg = Debug|Any CPU
		{93618118-DCA8-4EE0-8ADA-07C35B88C032}.Debug|x86.Build.0 = Debug|Any CPU
		{93618118-DCA8-4EE0-8ADA-07C35B88C032}.Release|Any CPU.ActiveCfg = Release|Any CPU
		{93618118-DCA8-4EE0-8ADA-07C35B88C032}.Release|Any CPU.Build.0 = Release|Any CPU
		{93618118-DCA8-4EE0-8ADA-07C35B88C032}.Release|ARM.ActiveCfg = Release|Any CPU
		{93618118-DCA8-4EE0-8ADA-07C35B88C032}.Release|ARM.Build.0 = Release|Any CPU
		{93618118-DCA8-4EE0-8ADA-07C35B88C032}.Release|ARM64.ActiveCfg = Release|Any CPU
		{93618118-DCA8-4EE0-8ADA-07C35B88C032}.Release|ARM64.Build.0 = Release|Any CPU
		{93618118-DCA8-4EE0-8ADA-07C35B88C032}.Release|x64.ActiveCfg = Release|Any CPU
		{93618118-DCA8-4EE0-8ADA-07C35B88C032}.Release|x64.Build.0 = Release|Any CPU
		{93618118-DCA8-4EE0-8ADA-07C35B88C032}.Release|x86.ActiveCfg = Release|Any CPU
		{93618118-DCA8-4EE0-8ADA-07C35B88C032}.Release|x86.Build.0 = Release|Any CPU
	EndGlobalSection
	GlobalSection(SolutionProperties) = preSolution
		HideSolutionNode = FALSE
	EndGlobalSection
	GlobalSection(ExtensibilityGlobals) = postSolution
		SolutionGuid = {3072EF7C-B045-413E-890C-4977F369D634}
	EndGlobalSection
EndGlobal
